
Microsoft Visual Studio Solution File, Format Version 12.00
# Visual Studio Version 17
VisualStudioVersion = 17.7.34024.191
MinimumVisualStudioVersion = 10.0.40219.1
Project("{C9674DCB-5085-4A16-B785-4C70DD1589BD}") = "Bike Store Integration Services Projects", "Bike Store Integration Services Projects.dtproj", "{2769BA49-3550-4DAE-9003-1445440A562D}"
EndProject
Global
	GlobalSection(SolutionConfigurationPlatforms) = preSolution
		Development|Default = Development|Default
	EndGlobalSection
	GlobalSection(ProjectConfigurationPlatforms) = postSolution
		{2769BA49-3550-4DAE-9003-1445440A562D}.Development|Default.ActiveCfg = Development
		{2769BA49-3550-4DAE-9003-1445440A562D}.Development|Default.Build.0 = Development
	EndGlobalSection
	GlobalSection(SolutionProperties) = preSolution
		HideSolutionNode = FALSE
	EndGlobalSection
	GlobalSection(ExtensibilityGlobals) = postSolution
		SolutionGuid = {06A07973-2418-4DA1-8D2B-DBCEDD5A54F6}
	EndGlobalSection
EndGlobal
